<Solution>
  <Folder Name="/SolutionFolder/">
    <File Path="LICENSE" />
    <File Path="README.md" />
    <File Path=".gitignore" />
  </Folder>
    <Project Path="BuildingCode\BuildingCode.csproj" Type="Classic C#"/>
    <Project Path="ChangingSyntaxTree\ChangingSyntaxTree.csproj" Type="Classic C#"/>
    <Project Path="CreatingSyntaxTrees\CreatingSyntaxTrees.csproj" Type="Classic C#"/>
</Solution>
